// !$*UTF8*$!
{
	archiveVersion = 1;
	classes = {
	};
	objectVersion = 56;
	objects = {

/* Begin PBXBuildFile section */
		9604285F2C600DFF00640712 /* AppDelegate+Appearance.swift in Sources */ = {isa = PBXBuildFile; fileRef = 9604285E2C600DFF00640712 /* AppDelegate+Appearance.swift */; };
		960428622C6017CF00640712 /* MovieDetailsViewController.swift in Sources */ = {isa = PBXBuildFile; fileRef = 960428612C6017CF00640712 /* MovieDetailsViewController.swift */; };
		960428642C6017E100640712 /* MovieDetailsViewModel.swift in Sources */ = {isa = PBXBuildFile; fileRef = 960428632C6017E100640712 /* MovieDetailsViewModel.swift */; };
		960428672C60181C00640712 /* NSObject+ClassName.swift in Sources */ = {isa = PBXBuildFile; fileRef = 960428662C60181C00640712 /* NSObject+ClassName.swift */; };
		9604286A2C6034FB00640712 /* SeparatedInfoView.swift in Sources */ = {isa = PBXBuildFile; fileRef = 960428692C6034FB00640712 /* SeparatedInfoView.swift */; };
		9604286E2C60394700640712 /* FullPhotoViewController.swift in Sources */ = {isa = PBXBuildFile; fileRef = 9604286D2C60394700640712 /* FullPhotoViewController.swift */; };
		960428702C60395400640712 /* FullPhotoViewModel.swift in Sources */ = {isa = PBXBuildFile; fileRef = 9604286F2C60395400640712 /* FullPhotoViewModel.swift */; };
		960428752C603E1C00640712 /* InteractiveImageView.swift in Sources */ = {isa = PBXBuildFile; fileRef = 960428742C603E1C00640712 /* InteractiveImageView.swift */; };
		965F38832C5F89F90059CCDE /* AppDelegate.swift in Sources */ = {isa = PBXBuildFile; fileRef = 965F38822C5F89F90059CCDE /* AppDelegate.swift */; };
		965F38852C5F89F90059CCDE /* SceneDelegate.swift in Sources */ = {isa = PBXBuildFile; fileRef = 965F38842C5F89F90059CCDE /* SceneDelegate.swift */; };
		965F388C2C5F89FB0059CCDE /* Assets.xcassets in Resources */ = {isa = PBXBuildFile; fileRef = 965F388B2C5F89FB0059CCDE /* Assets.xcassets */; };
		965F388F2C5F89FB0059CCDE /* LaunchScreen.storyboard in Resources */ = {isa = PBXBuildFile; fileRef = 965F388D2C5F89FB0059CCDE /* LaunchScreen.storyboard */; };
		965F389B2C5F8C860059CCDE /* MovieListViewController.swift in Sources */ = {isa = PBXBuildFile; fileRef = 965F389A2C5F8C860059CCDE /* MovieListViewController.swift */; };
		965F389E2C5F8F130059CCDE /* MovieListViewModel.swift in Sources */ = {isa = PBXBuildFile; fileRef = 965F389D2C5F8F130059CCDE /* MovieListViewModel.swift */; };
		965F38A12C5F8FE70059CCDE /* SearchViewController.swift in Sources */ = {isa = PBXBuildFile; fileRef = 965F38A02C5F8FE70059CCDE /* SearchViewController.swift */; };
		965F38A32C5F90420059CCDE /* SearchableTableViewModel.swift in Sources */ = {isa = PBXBuildFile; fileRef = 965F38A22C5F90420059CCDE /* SearchableTableViewModel.swift */; };
		965F38A72C5F90800059CCDE /* MovieSortOption.swift in Sources */ = {isa = PBXBuildFile; fileRef = 965F38A62C5F90800059CCDE /* MovieSortOption.swift */; };
		965F38AE2C5F91330059CCDE /* UIView+Intersection.swift in Sources */ = {isa = PBXBuildFile; fileRef = 965F38AD2C5F91330059CCDE /* UIView+Intersection.swift */; };
		965F38B12C5F922B0059CCDE /* MovieItemTableCell.swift in Sources */ = {isa = PBXBuildFile; fileRef = 965F38B02C5F922B0059CCDE /* MovieItemTableCell.swift */; };
		965F38B42C5F92640059CCDE /* SnapKit in Frameworks */ = {isa = PBXBuildFile; productRef = 965F38B32C5F92640059CCDE /* SnapKit */; };
		965F38B72C5F95B20059CCDE /* SDWebImageSVGCoder in Frameworks */ = {isa = PBXBuildFile; productRef = 965F38B62C5F95B20059CCDE /* SDWebImageSVGCoder */; };
		965F38BA2C5F95F30059CCDE /* UIImageView+DownloadImage.swift in Sources */ = {isa = PBXBuildFile; fileRef = 965F38B92C5F95F30059CCDE /* UIImageView+DownloadImage.swift */; };
		965F38BC2C5F96210059CCDE /* UIView + ActivityIndicator.swift in Sources */ = {isa = PBXBuildFile; fileRef = 965F38BB2C5F96210059CCDE /* UIView + ActivityIndicator.swift */; };
		965F38C02C5F978A0059CCDE /* UITableViewCell+Shadow.swift in Sources */ = {isa = PBXBuildFile; fileRef = 965F38BF2C5F978A0059CCDE /* UITableViewCell+Shadow.swift */; };
		965F38C22C5F979F0059CCDE /* UITableView+Register.swift in Sources */ = {isa = PBXBuildFile; fileRef = 965F38C12C5F979F0059CCDE /* UITableView+Register.swift */; };
		965F38C52C5F9A060059CCDE /* AppConstants.swift in Sources */ = {isa = PBXBuildFile; fileRef = 965F38C42C5F9A060059CCDE /* AppConstants.swift */; };
		965F38C72C5F9A2F0059CCDE /* UIMaker.swift in Sources */ = {isa = PBXBuildFile; fileRef = 965F38C62C5F9A2F0059CCDE /* UIMaker.swift */; };
		965F38CA2C5F9ACC0059CCDE /* UIViewController+Alert.swift in Sources */ = {isa = PBXBuildFile; fileRef = 965F38C92C5F9ACC0059CCDE /* UIViewController+Alert.swift */; };
		965F38CD2C5FD2460059CCDE /* Alamofire in Frameworks */ = {isa = PBXBuildFile; productRef = 965F38CC2C5FD2460059CCDE /* Alamofire */; };
		965F38D02C5FD25A0059CCDE /* API.swift in Sources */ = {isa = PBXBuildFile; fileRef = 965F38CF2C5FD25A0059CCDE /* API.swift */; };
		965F38D32C5FD2AF0059CCDE /* NetworkServiceExecutable.swift in Sources */ = {isa = PBXBuildFile; fileRef = 965F38D22C5FD2AF0059CCDE /* NetworkServiceExecutable.swift */; };
		965F38D62C5FD2C80059CCDE /* MoviesNetworkError.swift in Sources */ = {isa = PBXBuildFile; fileRef = 965F38D52C5FD2C80059CCDE /* MoviesNetworkError.swift */; };
		965F38D82C5FD2D60059CCDE /* Messages.swift in Sources */ = {isa = PBXBuildFile; fileRef = 965F38D72C5FD2D60059CCDE /* Messages.swift */; };
		965F38DA2C5FD3190059CCDE /* MoviesNetworkService.swift in Sources */ = {isa = PBXBuildFile; fileRef = 965F38D92C5FD3190059CCDE /* MoviesNetworkService.swift */; };
		965F38DE2C5FD3400059CCDE /* MovieListResponse.swift in Sources */ = {isa = PBXBuildFile; fileRef = 965F38DD2C5FD3400059CCDE /* MovieListResponse.swift */; };
		965F38E02C5FD34D0059CCDE /* MovieResponseItem.swift in Sources */ = {isa = PBXBuildFile; fileRef = 965F38DF2C5FD34D0059CCDE /* MovieResponseItem.swift */; };
		965F38E22C5FD35B0059CCDE /* GenresResponse.swift in Sources */ = {isa = PBXBuildFile; fileRef = 965F38E12C5FD35B0059CCDE /* GenresResponse.swift */; };
		965F38E52C5FD3830059CCDE /* PaginationModel.swift in Sources */ = {isa = PBXBuildFile; fileRef = 965F38E42C5FD3830059CCDE /* PaginationModel.swift */; };
		965F38E72C5FD3B20059CCDE /* NetworkService.swift in Sources */ = {isa = PBXBuildFile; fileRef = 965F38E62C5FD3B20059CCDE /* NetworkService.swift */; };
		965F38EA2C5FD40C0059CCDE /* NetworkMonitor.swift in Sources */ = {isa = PBXBuildFile; fileRef = 965F38E92C5FD40C0059CCDE /* NetworkMonitor.swift */; };
		965F38EC2C5FD60B0059CCDE /* MovieItemDTO.swift in Sources */ = {isa = PBXBuildFile; fileRef = 965F38EB2C5FD60B0059CCDE /* MovieItemDTO.swift */; };
		965F38EE2C5FD6340059CCDE /* MovieGenreType.swift in Sources */ = {isa = PBXBuildFile; fileRef = 965F38ED2C5FD6340059CCDE /* MovieGenreType.swift */; };
		965F38F02C5FD76B0059CCDE /* MoviesNetworkServiceImpl.swift in Sources */ = {isa = PBXBuildFile; fileRef = 965F38EF2C5FD76B0059CCDE /* MoviesNetworkServiceImpl.swift */; };
		965F38F32C5FD7860059CCDE /* MoviesTarget.swift in Sources */ = {isa = PBXBuildFile; fileRef = 965F38F22C5FD7860059CCDE /* MoviesTarget.swift */; };
		965F38F62C6008D80059CCDE /* Collection+Safe.swift in Sources */ = {isa = PBXBuildFile; fileRef = 965F38F52C6008D80059CCDE /* Collection+Safe.swift */; };
/* End PBXBuildFile section */

/* Begin PBXFileReference section */
		9604285E2C600DFF00640712 /* AppDelegate+Appearance.swift */ = {isa = PBXFileReference; lastKnownFileType = sourcecode.swift; path = "AppDelegate+Appearance.swift"; sourceTree = "<group>"; };
		960428612C6017CF00640712 /* MovieDetailsViewController.swift */ = {isa = PBXFileReference; lastKnownFileType = sourcecode.swift; path = MovieDetailsViewController.swift; sourceTree = "<group>"; };
		960428632C6017E100640712 /* MovieDetailsViewModel.swift */ = {isa = PBXFileReference; lastKnownFileType = sourcecode.swift; path = MovieDetailsViewModel.swift; sourceTree = "<group>"; };
		960428662C60181C00640712 /* NSObject+ClassName.swift */ = {isa = PBXFileReference; lastKnownFileType = sourcecode.swift; path = "NSObject+ClassName.swift"; sourceTree = "<group>"; };
		960428692C6034FB00640712 /* SeparatedInfoView.swift */ = {isa = PBXFileReference; lastKnownFileType = sourcecode.swift; path = SeparatedInfoView.swift; sourceTree = "<group>"; };
		9604286D2C60394700640712 /* FullPhotoViewController.swift */ = {isa = PBXFileReference; lastKnownFileType = sourcecode.swift; path = FullPhotoViewController.swift; sourceTree = "<group>"; };
		9604286F2C60395400640712 /* FullPhotoViewModel.swift */ = {isa = PBXFileReference; lastKnownFileType = sourcecode.swift; path = FullPhotoViewModel.swift; sourceTree = "<group>"; };
		960428742C603E1C00640712 /* InteractiveImageView.swift */ = {isa = PBXFileReference; lastKnownFileType = sourcecode.swift; path = InteractiveImageView.swift; sourceTree = "<group>"; };
		965F387F2C5F89F90059CCDE /* MovieDB-iOS.app */ = {isa = PBXFileReference; explicitFileType = wrapper.application; includeInIndex = 0; path = "MovieDB-iOS.app"; sourceTree = BUILT_PRODUCTS_DIR; };
		965F38822C5F89F90059CCDE /* AppDelegate.swift */ = {isa = PBXFileReference; lastKnownFileType = sourcecode.swift; path = AppDelegate.swift; sourceTree = "<group>"; };
		965F38842C5F89F90059CCDE /* SceneDelegate.swift */ = {isa = PBXFileReference; lastKnownFileType = sourcecode.swift; path = SceneDelegate.swift; sourceTree = "<group>"; };
		965F388B2C5F89FB0059CCDE /* Assets.xcassets */ = {isa = PBXFileReference; lastKnownFileType = folder.assetcatalog; path = Assets.xcassets; sourceTree = "<group>"; };
		965F388E2C5F89FB0059CCDE /* Base */ = {isa = PBXFileReference; lastKnownFileType = file.storyboard; name = Base; path = Base.lproj/LaunchScreen.storyboard; sourceTree = "<group>"; };
		965F38902C5F89FB0059CCDE /* Info.plist */ = {isa = PBXFileReference; lastKnownFileType = text.plist.xml; path = Info.plist; sourceTree = "<group>"; };
		965F389A2C5F8C860059CCDE /* MovieListViewController.swift */ = {isa = PBXFileReference; lastKnownFileType = sourcecode.swift; path = MovieListViewController.swift; sourceTree = "<group>"; };
		965F389D2C5F8F130059CCDE /* MovieListViewModel.swift */ = {isa = PBXFileReference; lastKnownFileType = sourcecode.swift; path = MovieListViewModel.swift; sourceTree = "<group>"; };
		965F38A02C5F8FE70059CCDE /* SearchViewController.swift */ = {isa = PBXFileReference; lastKnownFileType = sourcecode.swift; path = SearchViewController.swift; sourceTree = "<group>"; };
		965F38A22C5F90420059CCDE /* SearchableTableViewModel.swift */ = {isa = PBXFileReference; lastKnownFileType = sourcecode.swift; path = SearchableTableViewModel.swift; sourceTree = "<group>"; };
		965F38A62C5F90800059CCDE /* MovieSortOption.swift */ = {isa = PBXFileReference; lastKnownFileType = sourcecode.swift; path = MovieSortOption.swift; sourceTree = "<group>"; };
		965F38AD2C5F91330059CCDE /* UIView+Intersection.swift */ = {isa = PBXFileReference; lastKnownFileType = sourcecode.swift; path = "UIView+Intersection.swift"; sourceTree = "<group>"; };
		965F38B02C5F922B0059CCDE /* MovieItemTableCell.swift */ = {isa = PBXFileReference; lastKnownFileType = sourcecode.swift; path = MovieItemTableCell.swift; sourceTree = "<group>"; };
		965F38B92C5F95F30059CCDE /* UIImageView+DownloadImage.swift */ = {isa = PBXFileReference; lastKnownFileType = sourcecode.swift; path = "UIImageView+DownloadImage.swift"; sourceTree = "<group>"; };
		965F38BB2C5F96210059CCDE /* UIView + ActivityIndicator.swift */ = {isa = PBXFileReference; lastKnownFileType = sourcecode.swift; path = "UIView + ActivityIndicator.swift"; sourceTree = "<group>"; };
		965F38BF2C5F978A0059CCDE /* UITableViewCell+Shadow.swift */ = {isa = PBXFileReference; lastKnownFileType = sourcecode.swift; path = "UITableViewCell+Shadow.swift"; sourceTree = "<group>"; };
		965F38C12C5F979F0059CCDE /* UITableView+Register.swift */ = {isa = PBXFileReference; lastKnownFileType = sourcecode.swift; path = "UITableView+Register.swift"; sourceTree = "<group>"; };
		965F38C42C5F9A060059CCDE /* AppConstants.swift */ = {isa = PBXFileReference; lastKnownFileType = sourcecode.swift; path = AppConstants.swift; sourceTree = "<group>"; };
		965F38C62C5F9A2F0059CCDE /* UIMaker.swift */ = {isa = PBXFileReference; lastKnownFileType = sourcecode.swift; path = UIMaker.swift; sourceTree = "<group>"; };
		965F38C92C5F9ACC0059CCDE /* UIViewController+Alert.swift */ = {isa = PBXFileReference; lastKnownFileType = sourcecode.swift; path = "UIViewController+Alert.swift"; sourceTree = "<group>"; };
		965F38CF2C5FD25A0059CCDE /* API.swift */ = {isa = PBXFileReference; lastKnownFileType = sourcecode.swift; path = API.swift; sourceTree = "<group>"; };
		965F38D22C5FD2AF0059CCDE /* NetworkServiceExecutable.swift */ = {isa = PBXFileReference; lastKnownFileType = sourcecode.swift; path = NetworkServiceExecutable.swift; sourceTree = "<group>"; };
		965F38D52C5FD2C80059CCDE /* MoviesNetworkError.swift */ = {isa = PBXFileReference; lastKnownFileType = sourcecode.swift; path = MoviesNetworkError.swift; sourceTree = "<group>"; };
		965F38D72C5FD2D60059CCDE /* Messages.swift */ = {isa = PBXFileReference; lastKnownFileType = sourcecode.swift; path = Messages.swift; sourceTree = "<group>"; };
		965F38D92C5FD3190059CCDE /* MoviesNetworkService.swift */ = {isa = PBXFileReference; lastKnownFileType = sourcecode.swift; path = MoviesNetworkService.swift; sourceTree = "<group>"; };
		965F38DD2C5FD3400059CCDE /* MovieListResponse.swift */ = {isa = PBXFileReference; lastKnownFileType = sourcecode.swift; path = MovieListResponse.swift; sourceTree = "<group>"; };
		965F38DF2C5FD34D0059CCDE /* MovieResponseItem.swift */ = {isa = PBXFileReference; lastKnownFileType = sourcecode.swift; path = MovieResponseItem.swift; sourceTree = "<group>"; };
		965F38E12C5FD35B0059CCDE /* GenresResponse.swift */ = {isa = PBXFileReference; lastKnownFileType = sourcecode.swift; path = GenresResponse.swift; sourceTree = "<group>"; };
		965F38E42C5FD3830059CCDE /* PaginationModel.swift */ = {isa = PBXFileReference; lastKnownFileType = sourcecode.swift; path = PaginationModel.swift; sourceTree = "<group>"; };
		965F38E62C5FD3B20059CCDE /* NetworkService.swift */ = {isa = PBXFileReference; lastKnownFileType = sourcecode.swift; path = NetworkService.swift; sourceTree = "<group>"; };
		965F38E92C5FD40C0059CCDE /* NetworkMonitor.swift */ = {isa = PBXFileReference; lastKnownFileType = sourcecode.swift; path = NetworkMonitor.swift; sourceTree = "<group>"; };
		965F38EB2C5FD60B0059CCDE /* MovieItemDTO.swift */ = {isa = PBXFileReference; lastKnownFileType = sourcecode.swift; path = MovieItemDTO.swift; sourceTree = "<group>"; };
		965F38ED2C5FD6340059CCDE /* MovieGenreType.swift */ = {isa = PBXFileReference; lastKnownFileType = sourcecode.swift; path = MovieGenreType.swift; sourceTree = "<group>"; };
		965F38EF2C5FD76B0059CCDE /* MoviesNetworkServiceImpl.swift */ = {isa = PBXFileReference; lastKnownFileType = sourcecode.swift; path = MoviesNetworkServiceImpl.swift; sourceTree = "<group>"; };
		965F38F22C5FD7860059CCDE /* MoviesTarget.swift */ = {isa = PBXFileReference; lastKnownFileType = sourcecode.swift; path = MoviesTarget.swift; sourceTree = "<group>"; };
		965F38F52C6008D80059CCDE /* Collection+Safe.swift */ = {isa = PBXFileReference; lastKnownFileType = sourcecode.swift; path = "Collection+Safe.swift"; sourceTree = "<group>"; };
/* End PBXFileReference section */

/* Begin PBXFrameworksBuildPhase section */
		965F387C2C5F89F90059CCDE /* Frameworks */ = {
			isa = PBXFrameworksBuildPhase;
			buildActionMask = 2147483647;
			files = (
				965F38CD2C5FD2460059CCDE /* Alamofire in Frameworks */,
				965F38B42C5F92640059CCDE /* SnapKit in Frameworks */,
				965F38B72C5F95B20059CCDE /* SDWebImageSVGCoder in Frameworks */,
			);
			runOnlyForDeploymentPostprocessing = 0;
		};
/* End PBXFrameworksBuildPhase section */

/* Begin PBXGroup section */
		9604285D2C600DF000640712 /* AppDelegate */ = {
			isa = PBXGroup;
			children = (
				9604285E2C600DFF00640712 /* AppDelegate+Appearance.swift */,
			);
			path = AppDelegate;
			sourceTree = "<group>";
		};
		960428602C6017C600640712 /* MovieDetailsViewController */ = {
			isa = PBXGroup;
			children = (
				9604286B2C60393C00640712 /* ViewControllers */,
				960428682C6034F500640712 /* View */,
				960428632C6017E100640712 /* MovieDetailsViewModel.swift */,
				960428612C6017CF00640712 /* MovieDetailsViewController.swift */,
			);
			path = MovieDetailsViewController;
			sourceTree = "<group>";
		};
		960428652C60181700640712 /* NSObject */ = {
			isa = PBXGroup;
			children = (
				960428662C60181C00640712 /* NSObject+ClassName.swift */,
			);
			path = NSObject;
			sourceTree = "<group>";
		};
		960428682C6034F500640712 /* View */ = {
			isa = PBXGroup;
			children = (
				960428692C6034FB00640712 /* SeparatedInfoView.swift */,
			);
			path = View;
			sourceTree = "<group>";
		};
		9604286B2C60393C00640712 /* ViewControllers */ = {
			isa = PBXGroup;
			children = (
				9604286C2C60394300640712 /* FullPhotoViewController */,
			);
			path = ViewControllers;
			sourceTree = "<group>";
		};
		9604286C2C60394300640712 /* FullPhotoViewController */ = {
			isa = PBXGroup;
			children = (
				960428712C60399400640712 /* View */,
				9604286D2C60394700640712 /* FullPhotoViewController.swift */,
				9604286F2C60395400640712 /* FullPhotoViewModel.swift */,
			);
			path = FullPhotoViewController;
			sourceTree = "<group>";
		};
		960428712C60399400640712 /* View */ = {
			isa = PBXGroup;
			children = (
				960428742C603E1C00640712 /* InteractiveImageView.swift */,
			);
			path = View;
			sourceTree = "<group>";
		};
		965F38762C5F89F90059CCDE = {
			isa = PBXGroup;
			children = (
				965F38812C5F89F90059CCDE /* MovieDB-iOS */,
				965F38802C5F89F90059CCDE /* Products */,
			);
			sourceTree = "<group>";
		};
		965F38802C5F89F90059CCDE /* Products */ = {
			isa = PBXGroup;
			children = (
				965F387F2C5F89F90059CCDE /* MovieDB-iOS.app */,
			);
			name = Products;
			sourceTree = "<group>";
		};
		965F38812C5F89F90059CCDE /* MovieDB-iOS */ = {
			isa = PBXGroup;
			children = (
				965F389C2C5F8D290059CCDE /* Common */,
				965F38982C5F8C760059CCDE /* Application */,
				965F38962C5F8BA70059CCDE /* Supporting Files */,
			);
			path = "MovieDB-iOS";
			sourceTree = "<group>";
		};
		965F38962C5F8BA70059CCDE /* Supporting Files */ = {
			isa = PBXGroup;
			children = (
				965F38972C5F8BB90059CCDE /* AppLifeCycle */,
				965F388B2C5F89FB0059CCDE /* Assets.xcassets */,
				965F388D2C5F89FB0059CCDE /* LaunchScreen.storyboard */,
				965F38902C5F89FB0059CCDE /* Info.plist */,
			);
			path = "Supporting Files";
			sourceTree = "<group>";
		};
		965F38972C5F8BB90059CCDE /* AppLifeCycle */ = {
			isa = PBXGroup;
			children = (
				965F38822C5F89F90059CCDE /* AppDelegate.swift */,
				965F38842C5F89F90059CCDE /* SceneDelegate.swift */,
			);
			path = AppLifeCycle;
			sourceTree = "<group>";
		};
		965F38982C5F8C760059CCDE /* Application */ = {
			isa = PBXGroup;
			children = (
				965F389F2C5F8FCE0059CCDE /* SearchViewController */,
				965F38992C5F8C7C0059CCDE /* MovieListViewController */,
				960428602C6017C600640712 /* MovieDetailsViewController */,
			);
			path = Application;
			sourceTree = "<group>";
		};
		965F38992C5F8C7C0059CCDE /* MovieListViewController */ = {
			isa = PBXGroup;
			children = (
				965F38AF2C5F92280059CCDE /* Cell */,
				965F389D2C5F8F130059CCDE /* MovieListViewModel.swift */,
				965F389A2C5F8C860059CCDE /* MovieListViewController.swift */,
			);
			path = MovieListViewController;
			sourceTree = "<group>";
		};
		965F389C2C5F8D290059CCDE /* Common */ = {
			isa = PBXGroup;
			children = (
				965F38E82C5FD4020059CCDE /* Utilities */,
				965F38C32C5F99FD0059CCDE /* AppConstants */,
				965F38CE2C5FD2520059CCDE /* Network */,
				965F38A42C5F906B0059CCDE /* Model */,
				965F38A82C5F91040059CCDE /* Extension */,
			);
			path = Common;
			sourceTree = "<group>";
		};
		965F389F2C5F8FCE0059CCDE /* SearchViewController */ = {
			isa = PBXGroup;
			children = (
				965F38A22C5F90420059CCDE /* SearchableTableViewModel.swift */,
				965F38A02C5F8FE70059CCDE /* SearchViewController.swift */,
			);
			path = SearchViewController;
			sourceTree = "<group>";
		};
		965F38A42C5F906B0059CCDE /* Model */ = {
			isa = PBXGroup;
			children = (
				965F38E32C5FD3720059CCDE /* DTO */,
				965F38D42C5FD2C00059CCDE /* Network */,
				965F38A52C5F90700059CCDE /* Internal */,
			);
			path = Model;
			sourceTree = "<group>";
		};
		965F38A52C5F90700059CCDE /* Internal */ = {
			isa = PBXGroup;
			children = (
				965F38A62C5F90800059CCDE /* MovieSortOption.swift */,
				965F38D72C5FD2D60059CCDE /* Messages.swift */,
				965F38E42C5FD3830059CCDE /* PaginationModel.swift */,
				965F38ED2C5FD6340059CCDE /* MovieGenreType.swift */,
			);
			path = Internal;
			sourceTree = "<group>";
		};
		965F38A82C5F91040059CCDE /* Extension */ = {
			isa = PBXGroup;
			children = (
				965F38AA2C5F91190059CCDE /* Foundation */,
				965F38A92C5F91150059CCDE /* UIKit */,
			);
			path = Extension;
			sourceTree = "<group>";
		};
		965F38A92C5F91150059CCDE /* UIKit */ = {
			isa = PBXGroup;
			children = (
				9604285D2C600DF000640712 /* AppDelegate */,
				965F38C82C5F9AC60059CCDE /* UIViewController */,
				965F38BD2C5F97810059CCDE /* UITableView */,
				965F38B82C5F95EC0059CCDE /* UIImage */,
				965F38AC2C5F91260059CCDE /* UIView */,
			);
			path = UIKit;
			sourceTree = "<group>";
		};
		965F38AA2C5F91190059CCDE /* Foundation */ = {
			isa = PBXGroup;
			children = (
				960428652C60181700640712 /* NSObject */,
				965F38F42C6008D00059CCDE /* Collection */,
			);
			path = Foundation;
			sourceTree = "<group>";
		};
		965F38AC2C5F91260059CCDE /* UIView */ = {
			isa = PBXGroup;
			children = (
				965F38AD2C5F91330059CCDE /* UIView+Intersection.swift */,
				965F38BB2C5F96210059CCDE /* UIView + ActivityIndicator.swift */,
			);
			path = UIView;
			sourceTree = "<group>";
		};
		965F38AF2C5F92280059CCDE /* Cell */ = {
			isa = PBXGroup;
			children = (
				965F38B02C5F922B0059CCDE /* MovieItemTableCell.swift */,
			);
			path = Cell;
			sourceTree = "<group>";
		};
		965F38B82C5F95EC0059CCDE /* UIImage */ = {
			isa = PBXGroup;
			children = (
				965F38B92C5F95F30059CCDE /* UIImageView+DownloadImage.swift */,
			);
			path = UIImage;
			sourceTree = "<group>";
		};
		965F38BD2C5F97810059CCDE /* UITableView */ = {
			isa = PBXGroup;
			children = (
				965F38BE2C5F97860059CCDE /* Cell */,
				965F38C12C5F979F0059CCDE /* UITableView+Register.swift */,
			);
			path = UITableView;
			sourceTree = "<group>";
		};
		965F38BE2C5F97860059CCDE /* Cell */ = {
			isa = PBXGroup;
			children = (
				965F38BF2C5F978A0059CCDE /* UITableViewCell+Shadow.swift */,
			);
			path = Cell;
			sourceTree = "<group>";
		};
		965F38C32C5F99FD0059CCDE /* AppConstants */ = {
			isa = PBXGroup;
			children = (
				965F38C42C5F9A060059CCDE /* AppConstants.swift */,
				965F38C62C5F9A2F0059CCDE /* UIMaker.swift */,
			);
			path = AppConstants;
			sourceTree = "<group>";
		};
		965F38C82C5F9AC60059CCDE /* UIViewController */ = {
			isa = PBXGroup;
			children = (
				965F38C92C5F9ACC0059CCDE /* UIViewController+Alert.swift */,
			);
			path = UIViewController;
			sourceTree = "<group>";
		};
		965F38CE2C5FD2520059CCDE /* Network */ = {
			isa = PBXGroup;
			children = (
				965F38F12C5FD7820059CCDE /* Target */,
				965F38D12C5FD2600059CCDE /* Protocol */,
				965F38E62C5FD3B20059CCDE /* NetworkService.swift */,
				965F38EF2C5FD76B0059CCDE /* MoviesNetworkServiceImpl.swift */,
			);
			path = Network;
			sourceTree = "<group>";
		};
		965F38D12C5FD2600059CCDE /* Protocol */ = {
			isa = PBXGroup;
			children = (
				965F38CF2C5FD25A0059CCDE /* API.swift */,
				965F38D22C5FD2AF0059CCDE /* NetworkServiceExecutable.swift */,
				965F38D92C5FD3190059CCDE /* MoviesNetworkService.swift */,
			);
			path = Protocol;
			sourceTree = "<group>";
		};
		965F38D42C5FD2C00059CCDE /* Network */ = {
			isa = PBXGroup;
			children = (
				965F38DC2C5FD32F0059CCDE /* Response */,
				965F38DB2C5FD32A0059CCDE /* Error */,
			);
			path = Network;
			sourceTree = "<group>";
		};
		965F38DB2C5FD32A0059CCDE /* Error */ = {
			isa = PBXGroup;
			children = (
				965F38D52C5FD2C80059CCDE /* MoviesNetworkError.swift */,
			);
			path = Error;
			sourceTree = "<group>";
		};
		965F38DC2C5FD32F0059CCDE /* Response */ = {
			isa = PBXGroup;
			children = (
				965F38DD2C5FD3400059CCDE /* MovieListResponse.swift */,
				965F38DF2C5FD34D0059CCDE /* MovieResponseItem.swift */,
				965F38E12C5FD35B0059CCDE /* GenresResponse.swift */,
			);
			path = Response;
			sourceTree = "<group>";
		};
		965F38E32C5FD3720059CCDE /* DTO */ = {
			isa = PBXGroup;
			children = (
				965F38EB2C5FD60B0059CCDE /* MovieItemDTO.swift */,
			);
			path = DTO;
			sourceTree = "<group>";
		};
		965F38E82C5FD4020059CCDE /* Utilities */ = {
			isa = PBXGroup;
			children = (
				965F38E92C5FD40C0059CCDE /* NetworkMonitor.swift */,
			);
			path = Utilities;
			sourceTree = "<group>";
		};
		965F38F12C5FD7820059CCDE /* Target */ = {
			isa = PBXGroup;
			children = (
				965F38F22C5FD7860059CCDE /* MoviesTarget.swift */,
			);
			path = Target;
			sourceTree = "<group>";
		};
		965F38F42C6008D00059CCDE /* Collection */ = {
			isa = PBXGroup;
			children = (
				965F38F52C6008D80059CCDE /* Collection+Safe.swift */,
			);
			path = Collection;
			sourceTree = "<group>";
		};
/* End PBXGroup section */

/* Begin PBXNativeTarget section */
		965F387E2C5F89F90059CCDE /* MovieDB-iOS */ = {
			isa = PBXNativeTarget;
			buildConfigurationList = 965F38932C5F89FB0059CCDE /* Build configuration list for PBXNativeTarget "MovieDB-iOS" */;
			buildPhases = (
				965F387B2C5F89F90059CCDE /* Sources */,
				965F387C2C5F89F90059CCDE /* Frameworks */,
				965F387D2C5F89F90059CCDE /* Resources */,
			);
			buildRules = (
			);
			dependencies = (
			);
			name = "MovieDB-iOS";
			packageProductDependencies = (
				965F38B32C5F92640059CCDE /* SnapKit */,
				965F38B62C5F95B20059CCDE /* SDWebImageSVGCoder */,
				965F38CC2C5FD2460059CCDE /* Alamofire */,
			);
			productName = "MovieDB-iOS";
			productReference = 965F387F2C5F89F90059CCDE /* MovieDB-iOS.app */;
			productType = "com.apple.product-type.application";
		};
/* End PBXNativeTarget section */

/* Begin PBXProject section */
		965F38772C5F89F90059CCDE /* Project object */ = {
			isa = PBXProject;
			attributes = {
				BuildIndependentTargetsInParallel = 1;
				LastSwiftUpdateCheck = 1520;
				LastUpgradeCheck = 1520;
				TargetAttributes = {
					965F387E2C5F89F90059CCDE = {
						CreatedOnToolsVersion = 15.2;
					};
				};
			};
			buildConfigurationList = 965F387A2C5F89F90059CCDE /* Build configuration list for PBXProject "MovieDB-iOS" */;
			compatibilityVersion = "Xcode 14.0";
			developmentRegion = en;
			hasScannedForEncodings = 0;
			knownRegions = (
				en,
				Base,
			);
			mainGroup = 965F38762C5F89F90059CCDE;
			packageReferences = (
				965F38B22C5F92640059CCDE /* XCRemoteSwiftPackageReference "SnapKit" */,
				965F38B52C5F95B20059CCDE /* XCRemoteSwiftPackageReference "SDWebImageSVGCoder" */,
				965F38CB2C5FD2460059CCDE /* XCRemoteSwiftPackageReference "Alamofire" */,
			);
			productRefGroup = 965F38802C5F89F90059CCDE /* Products */;
			projectDirPath = "";
			projectRoot = "";
			targets = (
				965F387E2C5F89F90059CCDE /* MovieDB-iOS */,
			);
		};
/* End PBXProject section */

/* Begin PBXResourcesBuildPhase section */
		965F387D2C5F89F90059CCDE /* Resources */ = {
			isa = PBXResourcesBuildPhase;
			buildActionMask = 2147483647;
			files = (
				965F388F2C5F89FB0059CCDE /* LaunchScreen.storyboard in Resources */,
				965F388C2C5F89FB0059CCDE /* Assets.xcassets in Resources */,
			);
			runOnlyForDeploymentPostprocessing = 0;
		};
/* End PBXResourcesBuildPhase section */

/* Begin PBXSourcesBuildPhase section */
		965F387B2C5F89F90059CCDE /* Sources */ = {
			isa = PBXSourcesBuildPhase;
			buildActionMask = 2147483647;
			files = (
				9604286E2C60394700640712 /* FullPhotoViewController.swift in Sources */,
				960428642C6017E100640712 /* MovieDetailsViewModel.swift in Sources */,
				965F38A12C5F8FE70059CCDE /* SearchViewController.swift in Sources */,
				965F38832C5F89F90059CCDE /* AppDelegate.swift in Sources */,
				965F38BC2C5F96210059CCDE /* UIView + ActivityIndicator.swift in Sources */,
				960428702C60395400640712 /* FullPhotoViewModel.swift in Sources */,
				965F38F02C5FD76B0059CCDE /* MoviesNetworkServiceImpl.swift in Sources */,
				965F38B12C5F922B0059CCDE /* MovieItemTableCell.swift in Sources */,
				965F38852C5F89F90059CCDE /* SceneDelegate.swift in Sources */,
				965F38F62C6008D80059CCDE /* Collection+Safe.swift in Sources */,
				965F38E52C5FD3830059CCDE /* PaginationModel.swift in Sources */,
				965F38DE2C5FD3400059CCDE /* MovieListResponse.swift in Sources */,
				965F38EA2C5FD40C0059CCDE /* NetworkMonitor.swift in Sources */,
				965F38C22C5F979F0059CCDE /* UITableView+Register.swift in Sources */,
				965F38C02C5F978A0059CCDE /* UITableViewCell+Shadow.swift in Sources */,
				965F38CA2C5F9ACC0059CCDE /* UIViewController+Alert.swift in Sources */,
				965F38EC2C5FD60B0059CCDE /* MovieItemDTO.swift in Sources */,
				965F38BA2C5F95F30059CCDE /* UIImageView+DownloadImage.swift in Sources */,
				965F38A72C5F90800059CCDE /* MovieSortOption.swift in Sources */,
				960428622C6017CF00640712 /* MovieDetailsViewController.swift in Sources */,
				965F38A32C5F90420059CCDE /* SearchableTableViewModel.swift in Sources */,
				965F38D62C5FD2C80059CCDE /* MoviesNetworkError.swift in Sources */,
				965F38F32C5FD7860059CCDE /* MoviesTarget.swift in Sources */,
				965F389B2C5F8C860059CCDE /* MovieListViewController.swift in Sources */,
				965F38E02C5FD34D0059CCDE /* MovieResponseItem.swift in Sources */,
				965F38DA2C5FD3190059CCDE /* MoviesNetworkService.swift in Sources */,
				965F38D32C5FD2AF0059CCDE /* NetworkServiceExecutable.swift in Sources */,
				960428672C60181C00640712 /* NSObject+ClassName.swift in Sources */,
				965F38C52C5F9A060059CCDE /* AppConstants.swift in Sources */,
				965F38E22C5FD35B0059CCDE /* GenresResponse.swift in Sources */,
				960428752C603E1C00640712 /* InteractiveImageView.swift in Sources */,
				9604286A2C6034FB00640712 /* SeparatedInfoView.swift in Sources */,
				965F38C72C5F9A2F0059CCDE /* UIMaker.swift in Sources */,
				965F38EE2C5FD6340059CCDE /* MovieGenreType.swift in Sources */,
				965F389E2C5F8F130059CCDE /* MovieListViewModel.swift in Sources */,
				965F38D82C5FD2D60059CCDE /* Messages.swift in Sources */,
				965F38D02C5FD25A0059CCDE /* API.swift in Sources */,
				965F38E72C5FD3B20059CCDE /* NetworkService.swift in Sources */,
				9604285F2C600DFF00640712 /* AppDelegate+Appearance.swift in Sources */,
				965F38AE2C5F91330059CCDE /* UIView+Intersection.swift in Sources */,
			);
			runOnlyForDeploymentPostprocessing = 0;
		};
/* End PBXSourcesBuildPhase section */

/* Begin PBXVariantGroup section */
		965F388D2C5F89FB0059CCDE /* LaunchScreen.storyboard */ = {
			isa = PBXVariantGroup;
			children = (
				965F388E2C5F89FB0059CCDE /* Base */,
			);
			name = LaunchScreen.storyboard;
			sourceTree = "<group>";
		};
/* End PBXVariantGroup section */

/* Begin XCBuildConfiguration section */
		965F38912C5F89FB0059CCDE /* Debug */ = {
			isa = XCBuildConfiguration;
			buildSettings = {
				ALWAYS_SEARCH_USER_PATHS = NO;
				ASSETCATALOG_COMPILER_GENERATE_SWIFT_ASSET_SYMBOL_EXTENSIONS = YES;
				CLANG_ANALYZER_NONNULL = YES;
				CLANG_ANALYZER_NUMBER_OBJECT_CONVERSION = YES_AGGRESSIVE;
				CLANG_CXX_LANGUAGE_STANDARD = "gnu++20";
				CLANG_ENABLE_MODULES = YES;
				CLANG_ENABLE_OBJC_ARC = YES;
				CLANG_ENABLE_OBJC_WEAK = YES;
				CLANG_WARN_BLOCK_CAPTURE_AUTORELEASING = YES;
				CLANG_WARN_BOOL_CONVERSION = YES;
				CLANG_WARN_COMMA = YES;
				CLANG_WARN_CONSTANT_CONVERSION = YES;
				CLANG_WARN_DEPRECATED_OBJC_IMPLEMENTATIONS = YES;
				CLANG_WARN_DIRECT_OBJC_ISA_USAGE = YES_ERROR;
				CLANG_WARN_DOCUMENTATION_COMMENTS = YES;
				CLANG_WARN_EMPTY_BODY = YES;
				CLANG_WARN_ENUM_CONVERSION = YES;
				CLANG_WARN_INFINITE_RECURSION = YES;
				CLANG_WARN_INT_CONVERSION = YES;
				CLANG_WARN_NON_LITERAL_NULL_CONVERSION = YES;
				CLANG_WARN_OBJC_IMPLICIT_RETAIN_SELF = YES;
				CLANG_WARN_OBJC_LITERAL_CONVERSION = YES;
				CLANG_WARN_OBJC_ROOT_CLASS = YES_ERROR;
				CLANG_WARN_QUOTED_INCLUDE_IN_FRAMEWORK_HEADER = YES;
				CLANG_WARN_RANGE_LOOP_ANALYSIS = YES;
				CLANG_WARN_STRICT_PROTOTYPES = YES;
				CLANG_WARN_SUSPICIOUS_MOVE = YES;
				CLANG_WARN_UNGUARDED_AVAILABILITY = YES_AGGRESSIVE;
				CLANG_WARN_UNREACHABLE_CODE = YES;
				CLANG_WARN__DUPLICATE_METHOD_MATCH = YES;
				COPY_PHASE_STRIP = NO;
				DEBUG_INFORMATION_FORMAT = dwarf;
				ENABLE_STRICT_OBJC_MSGSEND = YES;
				ENABLE_TESTABILITY = YES;
				ENABLE_USER_SCRIPT_SANDBOXING = YES;
				GCC_C_LANGUAGE_STANDARD = gnu17;
				GCC_DYNAMIC_NO_PIC = NO;
				GCC_NO_COMMON_BLOCKS = YES;
				GCC_OPTIMIZATION_LEVEL = 0;
				GCC_PREPROCESSOR_DEFINITIONS = (
					"DEBUG=1",
					"$(inherited)",
				);
				GCC_WARN_64_TO_32_BIT_CONVERSION = YES;
				GCC_WARN_ABOUT_RETURN_TYPE = YES_ERROR;
				GCC_WARN_UNDECLARED_SELECTOR = YES;
				GCC_WARN_UNINITIALIZED_AUTOS = YES_AGGRESSIVE;
				GCC_WARN_UNUSED_FUNCTION = YES;
				GCC_WARN_UNUSED_VARIABLE = YES;
				IPHONEOS_DEPLOYMENT_TARGET = 17.2;
				LOCALIZATION_PREFERS_STRING_CATALOGS = YES;
				MTL_ENABLE_DEBUG_INFO = INCLUDE_SOURCE;
				MTL_FAST_MATH = YES;
				ONLY_ACTIVE_ARCH = YES;
				SDKROOT = iphoneos;
				SWIFT_ACTIVE_COMPILATION_CONDITIONS = "DEBUG $(inherited)";
				SWIFT_OPTIMIZATION_LEVEL = "-Onone";
			};
			name = Debug;
		};
		965F38922C5F89FB0059CCDE /* Release */ = {
			isa = XCBuildConfiguration;
			buildSettings = {
				ALWAYS_SEARCH_USER_PATHS = NO;
				ASSETCATALOG_COMPILER_GENERATE_SWIFT_ASSET_SYMBOL_EXTENSIONS = YES;
				CLANG_ANALYZER_NONNULL = YES;
				CLANG_ANALYZER_NUMBER_OBJECT_CONVERSION = YES_AGGRESSIVE;
				CLANG_CXX_LANGUAGE_STANDARD = "gnu++20";
				CLANG_ENABLE_MODULES = YES;
				CLANG_ENABLE_OBJC_ARC = YES;
				CLANG_ENABLE_OBJC_WEAK = YES;
				CLANG_WARN_BLOCK_CAPTURE_AUTORELEASING = YES;
				CLANG_WARN_BOOL_CONVERSION = YES;
				CLANG_WARN_COMMA = YES;
				CLANG_WARN_CONSTANT_CONVERSION = YES;
				CLANG_WARN_DEPRECATED_OBJC_IMPLEMENTATIONS = YES;
				CLANG_WARN_DIRECT_OBJC_ISA_USAGE = YES_ERROR;
				CLANG_WARN_DOCUMENTATION_COMMENTS = YES;
				CLANG_WARN_EMPTY_BODY = YES;
				CLANG_WARN_ENUM_CONVERSION = YES;
				CLANG_WARN_INFINITE_RECURSION = YES;
				CLANG_WARN_INT_CONVERSION = YES;
				CLANG_WARN_NON_LITERAL_NULL_CONVERSION = YES;
				CLANG_WARN_OBJC_IMPLICIT_RETAIN_SELF = YES;
				CLANG_WARN_OBJC_LITERAL_CONVERSION = YES;
				CLANG_WARN_OBJC_ROOT_CLASS = YES_ERROR;
				CLANG_WARN_QUOTED_INCLUDE_IN_FRAMEWORK_HEADER = YES;
				CLANG_WARN_RANGE_LOOP_ANALYSIS = YES;
				CLANG_WARN_STRICT_PROTOTYPES = YES;
				CLANG_WARN_SUSPICIOUS_MOVE = YES;
				CLANG_WARN_UNGUARDED_AVAILABILITY = YES_AGGRESSIVE;
				CLANG_WARN_UNREACHABLE_CODE = YES;
				CLANG_WARN__DUPLICATE_METHOD_MATCH = YES;
				COPY_PHASE_STRIP = NO;
				DEBUG_INFORMATION_FORMAT = "dwarf-with-dsym";
				ENABLE_NS_ASSERTIONS = NO;
				ENABLE_STRICT_OBJC_MSGSEND = YES;
				ENABLE_USER_SCRIPT_SANDBOXING = YES;
				GCC_C_LANGUAGE_STANDARD = gnu17;
				GCC_NO_COMMON_BLOCKS = YES;
				GCC_WARN_64_TO_32_BIT_CONVERSION = YES;
				GCC_WARN_ABOUT_RETURN_TYPE = YES_ERROR;
				GCC_WARN_UNDECLARED_SELECTOR = YES;
				GCC_WARN_UNINITIALIZED_AUTOS = YES_AGGRESSIVE;
				GCC_WARN_UNUSED_FUNCTION = YES;
				GCC_WARN_UNUSED_VARIABLE = YES;
				IPHONEOS_DEPLOYMENT_TARGET = 17.2;
				LOCALIZATION_PREFERS_STRING_CATALOGS = YES;
				MTL_ENABLE_DEBUG_INFO = NO;
				MTL_FAST_MATH = YES;
				SDKROOT = iphoneos;
				SWIFT_COMPILATION_MODE = wholemodule;
				VALIDATE_PRODUCT = YES;
			};
			name = Release;
		};
		965F38942C5F89FB0059CCDE /* Debug */ = {
			isa = XCBuildConfiguration;
			buildSettings = {
				ASSETCATALOG_COMPILER_APPICON_NAME = AppIcon;
				ASSETCATALOG_COMPILER_GLOBAL_ACCENT_COLOR_NAME = AccentColor;
				CODE_SIGN_STYLE = Automatic;
				CURRENT_PROJECT_VERSION = 1;
				DEVELOPMENT_TEAM = 8QU7S5P236;
				GENERATE_INFOPLIST_FILE = YES;
				INFOPLIST_FILE = "MovieDB-iOS/Supporting Files/Info.plist";
				INFOPLIST_KEY_UIApplicationSupportsIndirectInputEvents = YES;
				INFOPLIST_KEY_UILaunchStoryboardName = LaunchScreen;
				INFOPLIST_KEY_UISupportedInterfaceOrientations = UIInterfaceOrientationPortrait;
				IPHONEOS_DEPLOYMENT_TARGET = 15;
				LD_RUNPATH_SEARCH_PATHS = (
					"$(inherited)",
					"@executable_path/Frameworks",
				);
				MARKETING_VERSION = 1.0;
				PRODUCT_BUNDLE_IDENTIFIER = com.oromoon.app;
				PRODUCT_NAME = "$(TARGET_NAME)";
				SWIFT_EMIT_LOC_STRINGS = YES;
				SWIFT_VERSION = 5.0;
				TARGETED_DEVICE_FAMILY = "1,2";
			};
			name = Debug;
		};
		965F38952C5F89FB0059CCDE /* Release */ = {
			isa = XCBuildConfiguration;
			buildSettings = {
				ASSETCATALOG_COMPILER_APPICON_NAME = AppIcon;
				ASSETCATALOG_COMPILER_GLOBAL_ACCENT_COLOR_NAME = AccentColor;
				CODE_SIGN_STYLE = Automatic;
				CURRENT_PROJECT_VERSION = 1;
				DEVELOPMENT_TEAM = 8QU7S5P236;
				GENERATE_INFOPLIST_FILE = YES;
				INFOPLIST_FILE = "MovieDB-iOS/Supporting Files/Info.plist";
				INFOPLIST_KEY_UIApplicationSupportsIndirectInputEvents = YES;
				INFOPLIST_KEY_UILaunchStoryboardName = LaunchScreen;
				INFOPLIST_KEY_UISupportedInterfaceOrientations = UIInterfaceOrientationPortrait;
				IPHONEOS_DEPLOYMENT_TARGET = 15;
				LD_RUNPATH_SEARCH_PATHS = (
					"$(inherited)",
					"@executable_path/Frameworks",
				);
				MARKETING_VERSION = 1.0;
				PRODUCT_BUNDLE_IDENTIFIER = com.oromoon.app;
				PRODUCT_NAME = "$(TARGET_NAME)";
				SWIFT_EMIT_LOC_STRINGS = YES;
				SWIFT_VERSION = 5.0;
				TARGETED_DEVICE_FAMILY = "1,2";
			};
			name = Release;
		};
/* End XCBuildConfiguration section */

/* Begin XCConfigurationList section */
		965F387A2C5F89F90059CCDE /* Build configuration list for PBXProject "MovieDB-iOS" */ = {
			isa = XCConfigurationList;
			buildConfigurations = (
				965F38912C5F89FB0059CCDE /* Debug */,
				965F38922C5F89FB0059CCDE /* Release */,
			);
			defaultConfigurationIsVisible = 0;
			defaultConfigurationName = Release;
		};
		965F38932C5F89FB0059CCDE /* Build configuration list for PBXNativeTarget "MovieDB-iOS" */ = {
			isa = XCConfigurationList;
			buildConfigurations = (
				965F38942C5F89FB0059CCDE /* Debug */,
				965F38952C5F89FB0059CCDE /* Release */,
			);
			defaultConfigurationIsVisible = 0;
			defaultConfigurationName = Release;
		};
/* End XCConfigurationList section */

/* Begin XCRemoteSwiftPackageReference section */
		965F38B22C5F92640059CCDE /* XCRemoteSwiftPackageReference "SnapKit" */ = {
			isa = XCRemoteSwiftPackageReference;
			repositoryURL = "https://github.com/SnapKit/SnapKit";
			requirement = {
				kind = upToNextMajorVersion;
				minimumVersion = 5.7.1;
			};
		};
		965F38B52C5F95B20059CCDE /* XCRemoteSwiftPackageReference "SDWebImageSVGCoder" */ = {
			isa = XCRemoteSwiftPackageReference;
			repositoryURL = "https://github.com/SDWebImage/SDWebImageSVGCoder.git";
			requirement = {
				kind = upToNextMajorVersion;
				minimumVersion = 1.7.0;
			};
		};
		965F38CB2C5FD2460059CCDE /* XCRemoteSwiftPackageReference "Alamofire" */ = {
			isa = XCRemoteSwiftPackageReference;
			repositoryURL = "https://github.com/Alamofire/Alamofire";
			requirement = {
				kind = upToNextMajorVersion;
				minimumVersion = 5.9.1;
			};
		};
/* End XCRemoteSwiftPackageReference section */

/* Begin XCSwiftPackageProductDependency section */
		965F38B32C5F92640059CCDE /* SnapKit */ = {
			isa = XCSwiftPackageProductDependency;
			package = 965F38B22C5F92640059CCDE /* XCRemoteSwiftPackageReference "SnapKit" */;
			productName = SnapKit;
		};
		965F38B62C5F95B20059CCDE /* SDWebImageSVGCoder */ = {
			isa = XCSwiftPackageProductDependency;
			package = 965F38B52C5F95B20059CCDE /* XCRemoteSwiftPackageReference "SDWebImageSVGCoder" */;
			productName = SDWebImageSVGCoder;
		};
		965F38CC2C5FD2460059CCDE /* Alamofire */ = {
			isa = XCSwiftPackageProductDependency;
			package = 965F38CB2C5FD2460059CCDE /* XCRemoteSwiftPackageReference "Alamofire" */;
			productName = Alamofire;
		};
/* End XCSwiftPackageProductDependency section */
	};
	rootObject = 965F38772C5F89F90059CCDE /* Project object */;
}
